
Microsoft Visual Studio Solution File, Format Version 12.00
# Visual Studio Version 17
VisualStudioVersion = 17.14.36511.14 d17.14
MinimumVisualStudioVersion = 10.0.40219.1
Project("{FAE04EC0-301F-11D3-BF4B-00C04F79EFBC}") = "Hafta6", "Hafta6.csproj", "{ECB067FE-00E6-452D-926B-CE93B29A98C1}"
EndProject
Global
	GlobalSection(SolutionConfigurationPlatforms) = preSolution
		Debug|Any CPU = Debug|Any CPU
		Release|Any CPU = Release|Any CPU
	EndGlobalSection
	GlobalSection(ProjectConfigurationPlatforms) = postSolution
		{ECB067FE-00E6-452D-926B-CE93B29A98C1}.Debug|Any CPU.ActiveCfg = Debug|Any CPU
		{ECB067FE-00E6-452D-926B-CE93B29A98C1}.Debug|Any CPU.Build.0 = Debug|Any CPU
		{ECB067FE-00E6-452D-926B-CE93B29A98C1}.Release|Any CPU.ActiveCfg = Release|Any CPU
		{ECB067FE-00E6-452D-926B-CE93B29A98C1}.Release|Any CPU.Build.0 = Release|Any CPU
	EndGlobalSection
	GlobalSection(SolutionProperties) = preSolution
		HideSolutionNode = FALSE
	EndGlobalSection
	GlobalSection(ExtensibilityGlobals) = postSolution
		SolutionGuid = {E4D2A372-C910-4AE9-81AF-1EB38361139E}
	EndGlobalSection
EndGlobal
