
Microsoft Visual Studio Solution File, Format Version 12.00
# Visual Studio Version 17
VisualStudioVersion = 17.14.36511.14 d17.14
MinimumVisualStudioVersion = 10.0.40219.1
Project("{FAE04EC0-301F-11D3-BF4B-00C04F79EFBC}") = "AlanHesaplama", "AlanHesaplama.csproj", "{0D2E3B20-7AF5-4640-A121-E642E9982330}"
EndProject
Global
	GlobalSection(SolutionConfigurationPlatforms) = preSolution
		Debug|Any CPU = Debug|Any CPU
		Release|Any CPU = Release|Any CPU
	EndGlobalSection
	GlobalSection(ProjectConfigurationPlatforms) = postSolution
		{0D2E3B20-7AF5-4640-A121-E642E9982330}.Debug|Any CPU.ActiveCfg = Debug|Any CPU
		{0D2E3B20-7AF5-4640-A121-E642E9982330}.Debug|Any CPU.Build.0 = Debug|Any CPU
		{0D2E3B20-7AF5-4640-A121-E642E9982330}.Release|Any CPU.ActiveCfg = Release|Any CPU
		{0D2E3B20-7AF5-4640-A121-E642E9982330}.Release|Any CPU.Build.0 = Release|Any CPU
	EndGlobalSection
	GlobalSection(SolutionProperties) = preSolution
		HideSolutionNode = FALSE
	EndGlobalSection
	GlobalSection(ExtensibilityGlobals) = postSolution
		SolutionGuid = {DCCF3FE1-2A6F-4207-9014-A30DF25CCA2F}
	EndGlobalSection
EndGlobal
