
Microsoft Visual Studio Solution File, Format Version 12.00
# Visual Studio Version 17
VisualStudioVersion = 17.14.36511.14 d17.14
MinimumVisualStudioVersion = 10.0.40219.1
Project("{FAE04EC0-301F-11D3-BF4B-00C04F79EFBC}") = "VisualHomework", "VisualHomework.csproj", "{518F393B-1A24-4D96-BD54-69A2E8123728}"
EndProject
Global
	GlobalSection(SolutionConfigurationPlatforms) = preSolution
		Debug|Any CPU = Debug|Any CPU
		Release|Any CPU = Release|Any CPU
	EndGlobalSection
	GlobalSection(ProjectConfigurationPlatforms) = postSolution
		{518F393B-1A24-4D96-BD54-69A2E8123728}.Debug|Any CPU.ActiveCfg = Debug|Any CPU
		{518F393B-1A24-4D96-BD54-69A2E8123728}.Debug|Any CPU.Build.0 = Debug|Any CPU
		{518F393B-1A24-4D96-BD54-69A2E8123728}.Release|Any CPU.ActiveCfg = Release|Any CPU
		{518F393B-1A24-4D96-BD54-69A2E8123728}.Release|Any CPU.Build.0 = Release|Any CPU
	EndGlobalSection
	GlobalSection(SolutionProperties) = preSolution
		HideSolutionNode = FALSE
	EndGlobalSection
	GlobalSection(ExtensibilityGlobals) = postSolution
		SolutionGuid = {832AED91-B29D-4618-AB88-CC69173E893C}
	EndGlobalSection
EndGlobal
