
Microsoft Visual Studio Solution File, Format Version 12.00
# Visual Studio Version 17
VisualStudioVersion = 17.14.36511.14 d17.14
MinimumVisualStudioVersion = 10.0.40219.1
Project("{FAE04EC0-301F-11D3-BF4B-00C04F79EFBC}") = "grafik", "grafik.csproj", "{09206A55-AB59-490E-8F07-06171B1857FB}"
EndProject
Global
	GlobalSection(SolutionConfigurationPlatforms) = preSolution
		Debug|Any CPU = Debug|Any CPU
		Release|Any CPU = Release|Any CPU
	EndGlobalSection
	GlobalSection(ProjectConfigurationPlatforms) = postSolution
		{09206A55-AB59-490E-8F07-06171B1857FB}.Debug|Any CPU.ActiveCfg = Debug|Any CPU
		{09206A55-AB59-490E-8F07-06171B1857FB}.Debug|Any CPU.Build.0 = Debug|Any CPU
		{09206A55-AB59-490E-8F07-06171B1857FB}.Release|Any CPU.ActiveCfg = Release|Any CPU
		{09206A55-AB59-490E-8F07-06171B1857FB}.Release|Any CPU.Build.0 = Release|Any CPU
	EndGlobalSection
	GlobalSection(SolutionProperties) = preSolution
		HideSolutionNode = FALSE
	EndGlobalSection
	GlobalSection(ExtensibilityGlobals) = postSolution
		SolutionGuid = {B5C62C82-7E5E-4AE4-AD0C-1B481C2E2428}
	EndGlobalSection
EndGlobal
