
Microsoft Visual Studio Solution File, Format Version 12.00
# Visual Studio Version 17
VisualStudioVersion = 17.14.36511.14 d17.14
MinimumVisualStudioVersion = 10.0.40219.1
Project("{FAE04EC0-301F-11D3-BF4B-00C04F79EFBC}") = "Hafta2", "Hafta2.csproj", "{D151BA88-14C2-4A92-8443-F8B876541DE3}"
EndProject
Global
	GlobalSection(SolutionConfigurationPlatforms) = preSolution
		Debug|Any CPU = Debug|Any CPU
		Release|Any CPU = Release|Any CPU
	EndGlobalSection
	GlobalSection(ProjectConfigurationPlatforms) = postSolution
		{D151BA88-14C2-4A92-8443-F8B876541DE3}.Debug|Any CPU.ActiveCfg = Debug|Any CPU
		{D151BA88-14C2-4A92-8443-F8B876541DE3}.Debug|Any CPU.Build.0 = Debug|Any CPU
		{D151BA88-14C2-4A92-8443-F8B876541DE3}.Release|Any CPU.ActiveCfg = Release|Any CPU
		{D151BA88-14C2-4A92-8443-F8B876541DE3}.Release|Any CPU.Build.0 = Release|Any CPU
	EndGlobalSection
	GlobalSection(SolutionProperties) = preSolution
		HideSolutionNode = FALSE
	EndGlobalSection
	GlobalSection(ExtensibilityGlobals) = postSolution
		SolutionGuid = {B87A5078-B817-4900-9903-704D6AB252CA}
	EndGlobalSection
EndGlobal
